// !$*UTF8*$!
{
	archiveVersion = 1;
	classes = {
	};
	objectVersion = 46;
	objects = {

/* Begin PBXBuildFile section */
		06FD3AB11760E820007712A8 /* UIKit.framework in Frameworks */ = {isa = PBXBuildFile; fileRef = 06FD3AB01760E820007712A8 /* UIKit.framework */; };
		06FD3AB31760E820007712A8 /* Foundation.framework in Frameworks */ = {isa = PBXBuildFile; fileRef = 06FD3AB21760E820007712A8 /* Foundation.framework */; };
		06FD3AB51760E820007712A8 /* CoreGraphics.framework in Frameworks */ = {isa = PBXBuildFile; fileRef = 06FD3AB41760E820007712A8 /* CoreGraphics.framework */; };
		06FD3ABB1760E820007712A8 /* InfoPlist.strings in Resources */ = {isa = PBXBuildFile; fileRef = 06FD3AB91760E820007712A8 /* InfoPlist.strings */; };
		06FD3ABD1760E820007712A8 /* main.m in Sources */ = {isa = PBXBuildFile; fileRef = 06FD3ABC1760E820007712A8 /* main.m */; };
		06FD3AC11760E820007712A8 /* AppDelegate.m in Sources */ = {isa = PBXBuildFile; fileRef = 06FD3AC01760E820007712A8 /* AppDelegate.m */; };
		06FD3AC31760E820007712A8 /* Default.png in Resources */ = {isa = PBXBuildFile; fileRef = 06FD3AC21760E820007712A8 /* Default.png */; };
		06FD3AC51760E820007712A8 /* Default@2x.png in Resources */ = {isa = PBXBuildFile; fileRef = 06FD3AC41760E820007712A8 /* Default@2x.png */; };
		06FD3AC71760E820007712A8 /* Default-568h@2x.png in Resources */ = {isa = PBXBuildFile; fileRef = 06FD3AC61760E820007712A8 /* Default-568h@2x.png */; };
		06FD3ACA1760E820007712A8 /* MainStoryboard.storyboard in Resources */ = {isa = PBXBuildFile; fileRef = 06FD3AC81760E820007712A8 /* MainStoryboard.storyboard */; };
		06FD3ACD1760E820007712A8 /* ViewController.m in Sources */ = {isa = PBXBuildFile; fileRef = 06FD3ACC1760E820007712A8 /* ViewController.m */; };
		06FD3AD51760E820007712A8 /* SenTestingKit.framework in Frameworks */ = {isa = PBXBuildFile; fileRef = 06FD3AD41760E820007712A8 /* SenTestingKit.framework */; };
		06FD3AD61760E820007712A8 /* UIKit.framework in Frameworks */ = {isa = PBXBuildFile; fileRef = 06FD3AB01760E820007712A8 /* UIKit.framework */; };
		06FD3AD71760E820007712A8 /* Foundation.framework in Frameworks */ = {isa = PBXBuildFile; fileRef = 06FD3AB21760E820007712A8 /* Foundation.framework */; };
		06FD3ADF1760E820007712A8 /* InfoPlist.strings in Resources */ = {isa = PBXBuildFile; fileRef = 06FD3ADD1760E820007712A8 /* InfoPlist.strings */; };
		06FD3AE21760E820007712A8 /* SenTestingKitTests.m in Sources */ = {isa = PBXBuildFile; fileRef = 06FD3AE11760E820007712A8 /* SenTestingKitTests.m */; };
		06FD3AED176335F0007712A8 /* SenAsyncTests.m in Sources */ = {isa = PBXBuildFile; fileRef = 06FD3AEC176335F0007712A8 /* SenAsyncTests.m */; };
/* End PBXBuildFile section */

/* Begin PBXContainerItemProxy section */
		06FD3AD81760E820007712A8 /* PBXContainerItemProxy */ = {
			isa = PBXContainerItemProxy;
			containerPortal = 06FD3AA51760E820007712A8 /* Project object */;
			proxyType = 1;
			remoteGlobalIDString = 06FD3AAC1760E820007712A8;
			remoteInfo = SenTestingKit;
		};
/* End PBXContainerItemProxy section */

/* Begin PBXFileReference section */
		06FD3AAD1760E820007712A8 /* SenTestingKit.app */ = {isa = PBXFileReference; explicitFileType = wrapper.application; includeInIndex = 0; path = SenTestingKit.app; sourceTree = BUILT_PRODUCTS_DIR; };
		06FD3AB01760E820007712A8 /* UIKit.framework */ = {isa = PBXFileReference; lastKnownFileType = wrapper.framework; name = UIKit.framework; path = System/Library/Frameworks/UIKit.framework; sourceTree = SDKROOT; };
		06FD3AB21760E820007712A8 /* Foundation.framework */ = {isa = PBXFileReference; lastKnownFileType = wrapper.framework; name = Foundation.framework; path = System/Library/Frameworks/Foundation.framework; sourceTree = SDKROOT; };
		06FD3AB41760E820007712A8 /* CoreGraphics.framework */ = {isa = PBXFileReference; lastKnownFileType = wrapper.framework; name = CoreGraphics.framework; path = System/Library/Frameworks/CoreGraphics.framework; sourceTree = SDKROOT; };
		06FD3AB81760E820007712A8 /* SenTestingKit-Info.plist */ = {isa = PBXFileReference; lastKnownFileType = text.plist.xml; path = "SenTestingKit-Info.plist"; sourceTree = "<group>"; };
		06FD3ABA1760E820007712A8 /* en */ = {isa = PBXFileReference; lastKnownFileType = text.plist.strings; name = en; path = en.lproj/InfoPlist.strings; sourceTree = "<group>"; };
		06FD3ABC1760E820007712A8 /* main.m */ = {isa = PBXFileReference; lastKnownFileType = sourcecode.c.objc; path = main.m; sourceTree = "<group>"; };
		06FD3ABE1760E820007712A8 /* SenTestingKit-Prefix.pch */ = {isa = PBXFileReference; lastKnownFileType = sourcecode.c.h; path = "SenTestingKit-Prefix.pch"; sourceTree = "<group>"; };
		06FD3ABF1760E820007712A8 /* AppDelegate.h */ = {isa = PBXFileReference; lastKnownFileType = sourcecode.c.h; path = AppDelegate.h; sourceTree = "<group>"; };
		06FD3AC01760E820007712A8 /* AppDelegate.m */ = {isa = PBXFileReference; lastKnownFileType = sourcecode.c.objc; path = AppDelegate.m; sourceTree = "<group>"; };
		06FD3AC21760E820007712A8 /* Default.png */ = {isa = PBXFileReference; lastKnownFileType = image.png; path = Default.png; sourceTree = "<group>"; };
		06FD3AC41760E820007712A8 /* Default@2x.png */ = {isa = PBXFileReference; lastKnownFileType = image.png; path = "Default@2x.png"; sourceTree = "<group>"; };
		06FD3AC61760E820007712A8 /* Default-568h@2x.png */ = {isa = PBXFileReference; lastKnownFileType = image.png; path = "Default-568h@2x.png"; sourceTree = "<group>"; };
		06FD3AC91760E820007712A8 /* en */ = {isa = PBXFileReference; lastKnownFileType = file.storyboard; name = en; path = en.lproj/MainStoryboard.storyboard; sourceTree = "<group>"; };
		06FD3ACB1760E820007712A8 /* ViewController.h */ = {isa = PBXFileReference; lastKnownFileType = sourcecode.c.h; path = ViewController.h; sourceTree = "<group>"; };
		06FD3ACC1760E820007712A8 /* ViewController.m */ = {isa = PBXFileReference; lastKnownFileType = sourcecode.c.objc; path = ViewController.m; sourceTree = "<group>"; };
		06FD3AD31760E820007712A8 /* SenTestingKitTests.octest */ = {isa = PBXFileReference; explicitFileType = wrapper.cfbundle; includeInIndex = 0; path = SenTestingKitTests.octest; sourceTree = BUILT_PRODUCTS_DIR; };
		06FD3AD41760E820007712A8 /* SenTestingKit.framework */ = {isa = PBXFileReference; lastKnownFileType = wrapper.framework; name = SenTestingKit.framework; path = Library/Frameworks/SenTestingKit.framework; sourceTree = DEVELOPER_DIR; };
		06FD3ADC1760E820007712A8 /* SenTestingKitTests-Info.plist */ = {isa = PBXFileReference; lastKnownFileType = text.plist.xml; path = "SenTestingKitTests-Info.plist"; sourceTree = "<group>"; };
		06FD3ADE1760E820007712A8 /* en */ = {isa = PBXFileReference; lastKnownFileType = text.plist.strings; name = en; path = en.lproj/InfoPlist.strings; sourceTree = "<group>"; };
		06FD3AE01760E820007712A8 /* SenTestingKitTests.h */ = {isa = PBXFileReference; lastKnownFileType = sourcecode.c.h; path = SenTestingKitTests.h; sourceTree = "<group>"; };
		06FD3AE11760E820007712A8 /* SenTestingKitTests.m */ = {isa = PBXFileReference; lastKnownFileType = sourcecode.c.objc; path = SenTestingKitTests.m; sourceTree = "<group>"; };
		06FD3AEB176335F0007712A8 /* SenAsyncTests.h */ = {isa = PBXFileReference; fileEncoding = 4; lastKnownFileType = sourcecode.c.h; path = SenAsyncTests.h; sourceTree = "<group>"; };
		06FD3AEC176335F0007712A8 /* SenAsyncTests.m */ = {isa = PBXFileReference; fileEncoding = 4; lastKnownFileType = sourcecode.c.objc; path = SenAsyncTests.m; sourceTree = "<group>"; };
/* End PBXFileReference section */

/* Begin PBXFrameworksBuildPhase section */
		06FD3AAA1760E820007712A8 /* Frameworks */ = {
			isa = PBXFrameworksBuildPhase;
			buildActionMask = 2147483647;
			files = (
				06FD3AB11760E820007712A8 /* UIKit.framework in Frameworks */,
				06FD3AB31760E820007712A8 /* Foundation.framework in Frameworks */,
				06FD3AB51760E820007712A8 /* CoreGraphics.framework in Frameworks */,
			);
			runOnlyForDeploymentPostprocessing = 0;
		};
		06FD3ACF1760E820007712A8 /* Frameworks */ = {
			isa = PBXFrameworksBuildPhase;
			buildActionMask = 2147483647;
			files = (
				06FD3AD51760E820007712A8 /* SenTestingKit.framework in Frameworks */,
				06FD3AD61760E820007712A8 /* UIKit.framework in Frameworks */,
				06FD3AD71760E820007712A8 /* Foundation.framework in Frameworks */,
			);
			runOnlyForDeploymentPostprocessing = 0;
		};
/* End PBXFrameworksBuildPhase section */

/* Begin PBXGroup section */
		06FD3AA41760E820007712A8 = {
			isa = PBXGroup;
			children = (
				06FD3AB61760E820007712A8 /* SenTestingKit */,
				06FD3ADA1760E820007712A8 /* SenTestingKitTests */,
				06FD3AAF1760E820007712A8 /* Frameworks */,
				06FD3AAE1760E820007712A8 /* Products */,
			);
			sourceTree = "<group>";
		};
		06FD3AAE1760E820007712A8 /* Products */ = {
			isa = PBXGroup;
			children = (
				06FD3AAD1760E820007712A8 /* SenTestingKit.app */,
				06FD3AD31760E820007712A8 /* SenTestingKitTests.octest */,
			);
			name = Products;
			sourceTree = "<group>";
		};
		06FD3AAF1760E820007712A8 /* Frameworks */ = {
			isa = PBXGroup;
			children = (
				06FD3AB01760E820007712A8 /* UIKit.framework */,
				06FD3AB21760E820007712A8 /* Foundation.framework */,
				06FD3AB41760E820007712A8 /* CoreGraphics.framework */,
				06FD3AD41760E820007712A8 /* SenTestingKit.framework */,
			);
			name = Frameworks;
			sourceTree = "<group>";
		};
		06FD3AB61760E820007712A8 /* SenTestingKit */ = {
			isa = PBXGroup;
			children = (
				06FD3ABF1760E820007712A8 /* AppDelegate.h */,
				06FD3AC01760E820007712A8 /* AppDelegate.m */,
				06FD3AC81760E820007712A8 /* MainStoryboard.storyboard */,
				06FD3ACB1760E820007712A8 /* ViewController.h */,
				06FD3ACC1760E820007712A8 /* ViewController.m */,
				06FD3AB71760E820007712A8 /* Supporting Files */,
			);
			path = SenTestingKit;
			sourceTree = "<group>";
		};
		06FD3AB71760E820007712A8 /* Supporting Files */ = {
			isa = PBXGroup;
			children = (
				06FD3AB81760E820007712A8 /* SenTestingKit-Info.plist */,
				06FD3AB91760E820007712A8 /* InfoPlist.strings */,
				06FD3ABC1760E820007712A8 /* main.m */,
				06FD3ABE1760E820007712A8 /* SenTestingKit-Prefix.pch */,
				06FD3AC21760E820007712A8 /* Default.png */,
				06FD3AC41760E820007712A8 /* Default@2x.png */,
				06FD3AC61760E820007712A8 /* Default-568h@2x.png */,
			);
			name = "Supporting Files";
			sourceTree = "<group>";
		};
		06FD3ADA1760E820007712A8 /* SenTestingKitTests */ = {
			isa = PBXGroup;
			children = (
				06FD3AE01760E820007712A8 /* SenTestingKitTests.h */,
				06FD3AE11760E820007712A8 /* SenTestingKitTests.m */,
				06FD3AEB176335F0007712A8 /* SenAsyncTests.h */,
				06FD3AEC176335F0007712A8 /* SenAsyncTests.m */,
				06FD3ADB1760E820007712A8 /* Supporting Files */,
			);
			path = SenTestingKitTests;
			sourceTree = "<group>";
		};
		06FD3ADB1760E820007712A8 /* Supporting Files */ = {
			isa = PBXGroup;
			children = (
				06FD3ADC1760E820007712A8 /* SenTestingKitTests-Info.plist */,
				06FD3ADD1760E820007712A8 /* InfoPlist.strings */,
			);
			name = "Supporting Files";
			sourceTree = "<group>";
		};
/* End PBXGroup section */

/* Begin PBXNativeTarget section */
		06FD3AAC1760E820007712A8 /* SenTestingKit */ = {
			isa = PBXNativeTarget;
			buildConfigurationList = 06FD3AE51760E820007712A8 /* Build configuration list for PBXNativeTarget "SenTestingKit" */;
			buildPhases = (
				06FD3AA91760E820007712A8 /* Sources */,
				06FD3AAA1760E820007712A8 /* Frameworks */,
				06FD3AAB1760E820007712A8 /* Resources */,
			);
			buildRules = (
			);
			dependencies = (
			);
			name = SenTestingKit;
			productName = SenTestingKit;
			productReference = 06FD3AAD1760E820007712A8 /* SenTestingKit.app */;
			productType = "com.apple.product-type.application";
		};
		06FD3AD21760E820007712A8 /* SenTestingKitTests */ = {
			isa = PBXNativeTarget;
			buildConfigurationList = 06FD3AE81760E820007712A8 /* Build configuration list for PBXNativeTarget "SenTestingKitTests" */;
			buildPhases = (
				06FD3ACE1760E820007712A8 /* Sources */,
				06FD3ACF1760E820007712A8 /* Frameworks */,
				06FD3AD01760E820007712A8 /* Resources */,
				06FD3AD11760E820007712A8 /* ShellScript */,
			);
			buildRules = (
			);
			dependencies = (
				06FD3AD91760E820007712A8 /* PBXTargetDependency */,
			);
			name = SenTestingKitTests;
			productName = SenTestingKitTests;
			productReference = 06FD3AD31760E820007712A8 /* SenTestingKitTests.octest */;
			productType = "com.apple.product-type.bundle";
		};
/* End PBXNativeTarget section */

/* Begin PBXProject section */
		06FD3AA51760E820007712A8 /* Project object */ = {
			isa = PBXProject;
			attributes = {
				LastUpgradeCheck = 0460;
				ORGANIZATIONNAME = "Osamu Noguchi";
			};
			buildConfigurationList = 06FD3AA81760E820007712A8 /* Build configuration list for PBXProject "SenTestingKit" */;
			compatibilityVersion = "Xcode 3.2";
			developmentRegion = English;
			hasScannedForEncodings = 0;
			knownRegions = (
				en,
			);
			mainGroup = 06FD3AA41760E820007712A8;
			productRefGroup = 06FD3AAE1760E820007712A8 /* Products */;
			projectDirPath = "";
			projectRoot = "";
			targets = (
				06FD3AAC1760E820007712A8 /* SenTestingKit */,
				06FD3AD21760E820007712A8 /* SenTestingKitTests */,
			);
		};
/* End PBXProject section */

/* Begin PBXResourcesBuildPhase section */
		06FD3AAB1760E820007712A8 /* Resources */ = {
			isa = PBXResourcesBuildPhase;
			buildActionMask = 2147483647;
			files = (
				06FD3ABB1760E820007712A8 /* InfoPlist.strings in Resources */,
				06FD3AC31760E820007712A8 /* Default.png in Resources */,
				06FD3AC51760E820007712A8 /* Default@2x.png in Resources */,
				06FD3AC71760E820007712A8 /* Default-568h@2x.png in Resources */,
				06FD3ACA1760E820007712A8 /* MainStoryboard.storyboard in Resources */,
			);
			runOnlyForDeploymentPostprocessing = 0;
		};
		06FD3AD01760E820007712A8 /* Resources */ = {
			isa = PBXResourcesBuildPhase;
			buildActionMask = 2147483647;
			files = (
				06FD3ADF1760E820007712A8 /* InfoPlist.strings in Resources */,
			);
			runOnlyForDeploymentPostprocessing = 0;
		};
/* End PBXResourcesBuildPhase section */

/* Begin PBXShellScriptBuildPhase section */
		06FD3AD11760E820007712A8 /* ShellScript */ = {
			isa = PBXShellScriptBuildPhase;
			buildActionMask = 2147483647;
			files = (
			);
			inputPaths = (
			);
			outputPaths = (
			);
			runOnlyForDeploymentPostprocessing = 0;
			shellPath = /bin/sh;
			shellScript = "if [ \"$RUN_UNIT_TEST_WITH_IOS_SIM\" = \"YES\" ]; then\ntest_bundle_path=\"$BUILT_PRODUCTS_DIR/$PRODUCT_NAME.$WRAPPER_EXTENSION\"\nenvironment_args=\"--setenv DYLD_INSERT_LIBRARIES=/../../Library/PrivateFrameworks/IDEBundleInjection.framework/IDEBundleInjection --setenv XCInjectBundle=$test_bundle_path --setenv XCInjectBundleInto=$TEST_HOST\"\nios-sim launch $(dirname $TEST_HOST) $environment_args --args -SenTest All $test_bundle_path\necho \"Finished running tests with ios-sim\"\nelse\n\"${SYSTEM_DEVELOPER_DIR}/Tools/RunUnitTests\"\nfi";
		};
/* End PBXShellScriptBuildPhase section */

/* Begin PBXSourcesBuildPhase section */
		06FD3AA91760E820007712A8 /* Sources */ = {
			isa = PBXSourcesBuildPhase;
			buildActionMask = 2147483647;
			files = (
				06FD3ABD1760E820007712A8 /* main.m in Sources */,
				06FD3AC11760E820007712A8 /* AppDelegate.m in Sources */,
				06FD3ACD1760E820007712A8 /* ViewController.m in Sources */,
			);
			runOnlyForDeploymentPostprocessing = 0;
		};
		06FD3ACE1760E820007712A8 /* Sources */ = {
			isa = PBXSourcesBuildPhase;
			buildActionMask = 2147483647;
			files = (
				06FD3AE21760E820007712A8 /* SenTestingKitTests.m in Sources */,
				06FD3AED176335F0007712A8 /* SenAsyncTests.m in Sources */,
			);
			runOnlyForDeploymentPostprocessing = 0;
		};
/* End PBXSourcesBuildPhase section */

/* Begin PBXTargetDependency section */
		06FD3AD91760E820007712A8 /* PBXTargetDependency */ = {
			isa = PBXTargetDependency;
			target = 06FD3AAC1760E820007712A8 /* SenTestingKit */;
			targetProxy = 06FD3AD81760E820007712A8 /* PBXContainerItemProxy */;
		};
/* End PBXTargetDependency section */

/* Begin PBXVariantGroup section */
		06FD3AB91760E820007712A8 /* InfoPlist.strings */ = {
			isa = PBXVariantGroup;
			children = (
				06FD3ABA1760E820007712A8 /* en */,
			);
			name = InfoPlist.strings;
			sourceTree = "<group>";
		};
		06FD3AC81760E820007712A8 /* MainStoryboard.storyboard */ = {
			isa = PBXVariantGroup;
			children = (
				06FD3AC91760E820007712A8 /* en */,
			);
			name = MainStoryboard.storyboard;
			sourceTree = "<group>";
		};
		06FD3ADD1760E820007712A8 /* InfoPlist.strings */ = {
			isa = PBXVariantGroup;
			children = (
				06FD3ADE1760E820007712A8 /* en */,
			);
			name = InfoPlist.strings;
			sourceTree = "<group>";
		};
/* End PBXVariantGroup section */

/* Begin XCBuildConfiguration section */
		06FD3AE31760E820007712A8 /* Debug */ = {
			isa = XCBuildConfiguration;
			buildSettings = {
				ALWAYS_SEARCH_USER_PATHS = NO;
				CLANG_CXX_LANGUAGE_STANDARD = "gnu++0x";
				CLANG_CXX_LIBRARY = "libc++";
				CLANG_ENABLE_OBJC_ARC = YES;
				CLANG_WARN_CONSTANT_CONVERSION = YES;
				CLANG_WARN_EMPTY_BODY = YES;
				CLANG_WARN_ENUM_CONVERSION = YES;
				CLANG_WARN_INT_CONVERSION = YES;
				CLANG_WARN__DUPLICATE_METHOD_MATCH = YES;
				"CODE_SIGN_IDENTITY[sdk=iphoneos*]" = "iPhone Developer";
				COPY_PHASE_STRIP = NO;
				GCC_C_LANGUAGE_STANDARD = gnu99;
				GCC_DYNAMIC_NO_PIC = NO;
				GCC_OPTIMIZATION_LEVEL = 0;
				GCC_PREPROCESSOR_DEFINITIONS = (
					"DEBUG=1",
					"$(inherited)",
				);
				GCC_SYMBOLS_PRIVATE_EXTERN = NO;
				GCC_WARN_ABOUT_RETURN_TYPE = YES;
				GCC_WARN_UNINITIALIZED_AUTOS = YES;
				GCC_WARN_UNUSED_VARIABLE = YES;
				IPHONEOS_DEPLOYMENT_TARGET = 6.1;
				ONLY_ACTIVE_ARCH = YES;
				SDKROOT = iphoneos;
			};
			name = Debug;
		};
		06FD3AE41760E820007712A8 /* Release */ = {
			isa = XCBuildConfiguration;
			buildSettings = {
				ALWAYS_SEARCH_USER_PATHS = NO;
				CLANG_CXX_LANGUAGE_STANDARD = "gnu++0x";
				CLANG_CXX_LIBRARY = "libc++";
				CLANG_ENABLE_OBJC_ARC = YES;
				CLANG_WARN_CONSTANT_CONVERSION = YES;
				CLANG_WARN_EMPTY_BODY = YES;
				CLANG_WARN_ENUM_CONVERSION = YES;
				CLANG_WARN_INT_CONVERSION = YES;
				CLANG_WARN__DUPLICATE_METHOD_MATCH = YES;
				"CODE_SIGN_IDENTITY[sdk=iphoneos*]" = "iPhone Developer";
				COPY_PHASE_STRIP = YES;
				GCC_C_LANGUAGE_STANDARD = gnu99;
				GCC_WARN_ABOUT_RETURN_TYPE = YES;
				GCC_WARN_UNINITIALIZED_AUTOS = YES;
				GCC_WARN_UNUSED_VARIABLE = YES;
				IPHONEOS_DEPLOYMENT_TARGET = 6.1;
				OTHER_CFLAGS = "-DNS_BLOCK_ASSERTIONS=1";
				SDKROOT = iphoneos;
				VALIDATE_PRODUCT = YES;
			};
			name = Release;
		};
		06FD3AE61760E820007712A8 /* Debug */ = {
			isa = XCBuildConfiguration;
			buildSettings = {
				GCC_PRECOMPILE_PREFIX_HEADER = YES;
				GCC_PREFIX_HEADER = "SenTestingKit/SenTestingKit-Prefix.pch";
				INFOPLIST_FILE = "SenTestingKit/SenTestingKit-Info.plist";
				PRODUCT_NAME = "$(TARGET_NAME)";
				WRAPPER_EXTENSION = app;
			};
			name = Debug;
		};
		06FD3AE71760E820007712A8 /* Release */ = {
			isa = XCBuildConfiguration;
			buildSettings = {
				GCC_PRECOMPILE_PREFIX_HEADER = YES;
				GCC_PREFIX_HEADER = "SenTestingKit/SenTestingKit-Prefix.pch";
				INFOPLIST_FILE = "SenTestingKit/SenTestingKit-Info.plist";
				PRODUCT_NAME = "$(TARGET_NAME)";
				WRAPPER_EXTENSION = app;
			};
			name = Release;
		};
		06FD3AE91760E820007712A8 /* Debug */ = {
			isa = XCBuildConfiguration;
			buildSettings = {
				BUNDLE_LOADER = "$(BUILT_PRODUCTS_DIR)/SenTestingKit.app/SenTestingKit";
				FRAMEWORK_SEARCH_PATHS = (
					"\"$(SDKROOT)/Developer/Library/Frameworks\"",
					"\"$(DEVELOPER_LIBRARY_DIR)/Frameworks\"",
				);
				GCC_PRECOMPILE_PREFIX_HEADER = YES;
				GCC_PREFIX_HEADER = "SenTestingKit/SenTestingKit-Prefix.pch";
				INFOPLIST_FILE = "SenTestingKitTests/SenTestingKitTests-Info.plist";
				PRODUCT_NAME = "$(TARGET_NAME)";
				TEST_HOST = "$(BUNDLE_LOADER)";
				WRAPPER_EXTENSION = octest;
			};
			name = Debug;
		};
		06FD3AEA1760E820007712A8 /* Release */ = {
			isa = XCBuildConfiguration;
			buildSettings = {
				BUNDLE_LOADER = "$(BUILT_PRODUCTS_DIR)/SenTestingKit.app/SenTestingKit";
				FRAMEWORK_SEARCH_PATHS = (
					"\"$(SDKROOT)/Developer/Library/Frameworks\"",
					"\"$(DEVELOPER_LIBRARY_DIR)/Frameworks\"",
				);
				GCC_PRECOMPILE_PREFIX_HEADER = YES;
				GCC_PREFIX_HEADER = "SenTestingKit/SenTestingKit-Prefix.pch";
				INFOPLIST_FILE = "SenTestingKitTests/SenTestingKitTests-Info.plist";
				PRODUCT_NAME = "$(TARGET_NAME)";
				TEST_HOST = "$(BUNDLE_LOADER)";
				WRAPPER_EXTENSION = octest;
			};
			name = Release;
		};
/* End XCBuildConfiguration section */

/* Begin XCConfigurationList section */
		06FD3AA81760E820007712A8 /* Build configuration list for PBXProject "SenTestingKit" */ = {
			isa = XCConfigurationList;
			buildConfigurations = (
				06FD3AE31760E820007712A8 /* Debug */,
				06FD3AE41760E820007712A8 /* Release */,
			);
			defaultConfigurationIsVisible = 0;
			defaultConfigurationName = Release;
		};
		06FD3AE51760E820007712A8 /* Build configuration list for PBXNativeTarget "SenTestingKit" */ = {
			isa = XCConfigurationList;
			buildConfigurations = (
				06FD3AE61760E820007712A8 /* Debug */,
				06FD3AE71760E820007712A8 /* Release */,
			);
			defaultConfigurationIsVisible = 0;
		};
		06FD3AE81760E820007712A8 /* Build configuration list for PBXNativeTarget "SenTestingKitTests" */ = {
			isa = XCConfigurationList;
			buildConfigurations = (
				06FD3AE91760E820007712A8 /* Debug */,
				06FD3AEA1760E820007712A8 /* Release */,
			);
			defaultConfigurationIsVisible = 0;
		};
/* End XCConfigurationList section */
	};
	rootObject = 06FD3AA51760E820007712A8 /* Project object */;
}
